
Microsoft Visual Studio Solution File, Format Version 12.00
# Visual Studio Version 16
VisualStudioVersion = 16.0.31025.194
MinimumVisualStudioVersion = 10.0.40219.1
Project("{FAE04EC0-301F-11D3-BF4B-00C04F79EFBC}") = "Projekat", "Projekat\Projekat.csproj", "{722FCC41-7847-4940-8C3C-D36C3DF09262}"
EndProject
Global
	GlobalSection(SolutionConfigurationPlatforms) = preSolution
		Debug|Any CPU = Debug|Any CPU
		Release|Any CPU = Release|Any CPU
	EndGlobalSection
	GlobalSection(ProjectConfigurationPlatforms) = postSolution
		{722FCC41-7847-4940-8C3C-D36C3DF09262}.Debug|Any CPU.ActiveCfg = Debug|Any CPU
		{722FCC41-7847-4940-8C3C-D36C3DF09262}.Debug|Any CPU.Build.0 = Debug|Any CPU
		{722FCC41-7847-4940-8C3C-D36C3DF09262}.Release|Any CPU.ActiveCfg = Release|Any CPU
		{722FCC41-7847-4940-8C3C-D36C3DF09262}.Release|Any CPU.Build.0 = Release|Any CPU
	EndGlobalSection
	GlobalSection(SolutionProperties) = preSolution
		HideSolutionNode = FALSE
	EndGlobalSection
	GlobalSection(ExtensibilityGlobals) = postSolution
		SolutionGuid = {293A37E5-C68C-4C78-9609-A898EFEFBDE3}
	EndGlobalSection
EndGlobal
